
Microsoft Visual Studio Solution File, Format Version 12.00
# Visual Studio 14
VisualStudioVersion = 14.0.25420.1
MinimumVisualStudioVersion = 10.0.40219.1
Project("{FAE04EC0-301F-11D3-BF4B-00C04F79EFBC}") = "DynamicStyles", "DynamicStyles\DynamicStyles\DynamicStyles.csproj", "{A4FAB922-E647-4CE4-9E82-FEA6D6FBE367}"
EndProject
Project("{FAE04EC0-301F-11D3-BF4B-00C04F79EFBC}") = "DynamicStyles.Droid", "DynamicStyles\DynamicStyles.Droid\DynamicStyles.Droid.csproj", "{D532A5F9-0A09-4A3D-9288-D93AE5533502}"
EndProject
Project("{FAE04EC0-301F-11D3-BF4B-00C04F79EFBC}") = "DynamicStyles.iOS", "DynamicStyles\DynamicStyles.iOS\DynamicStyles.iOS.csproj", "{0B8344E1-2AED-4900-8232-720267FD6A6B}"
EndProject
Project("{FAE04EC0-301F-11D3-BF4B-00C04F79EFBC}") = "DynamicStyles.WinPhone", "DynamicStyles\DynamicStyles.WinPhone\DynamicStyles.WinPhone.csproj", "{B77648FA-6E19-4829-8F64-97204118706A}"
EndProject
Project("{FAE04EC0-301F-11D3-BF4B-00C04F79EFBC}") = "DynamicStyles.UWP", "DynamicStyles\DynamicStyles.UWP\DynamicStyles.UWP.csproj", "{3C2A9C41-86D8-48A9-9FBE-F90920593ED4}"
EndProject
Project("{FAE04EC0-301F-11D3-BF4B-00C04F79EFBC}") = "DynamicStyles.Windows", "DynamicStyles\DynamicStyles.Windows\DynamicStyles.Windows.csproj", "{4364849E-D902-4211-B3EF-2D33BB8ED234}"
EndProject
Global
	GlobalSection(SolutionConfigurationPlatforms) = preSolution
		Ad-Hoc|Any CPU = Ad-Hoc|Any CPU
		Ad-Hoc|ARM = Ad-Hoc|ARM
		Ad-Hoc|iPhone = Ad-Hoc|iPhone
		Ad-Hoc|iPhoneSimulator = Ad-Hoc|iPhoneSimulator
		Ad-Hoc|x64 = Ad-Hoc|x64
		Ad-Hoc|x86 = Ad-Hoc|x86
		AppStore|Any CPU = AppStore|Any CPU
		AppStore|ARM = AppStore|ARM
		AppStore|iPhone = AppStore|iPhone
		AppStore|iPhoneSimulator = AppStore|iPhoneSimulator
		AppStore|x64 = AppStore|x64
		AppStore|x86 = AppStore|x86
		Debug|Any CPU = Debug|Any CPU
		Debug|ARM = Debug|ARM
		Debug|iPhone = Debug|iPhone
		Debug|iPhoneSimulator = Debug|iPhoneSimulator
		Debug|x64 = Debug|x64
		Debug|x86 = Debug|x86
		Release|Any CPU = Release|Any CPU
		Release|ARM = Release|ARM
		Release|iPhone = Release|iPhone
		Release|iPhoneSimulator = Release|iPhoneSimulator
		Release|x64 = Release|x64
		Release|x86 = Release|x86
	EndGlobalSection
	GlobalSection(ProjectConfigurationPlatforms) = postSolution
		{A4FAB922-E647-4CE4-9E82-FEA6D6FBE367}.Ad-Hoc|Any CPU.ActiveCfg = Release|Any CPU
		{A4FAB922-E647-4CE4-9E82-FEA6D6FBE367}.Ad-Hoc|Any CPU.Build.0 = Release|Any CPU
		{A4FAB922-E647-4CE4-9E82-FEA6D6FBE367}.Ad-Hoc|ARM.ActiveCfg = Release|Any CPU
		{A4FAB922-E647-4CE4-9E82-FEA6D6FBE367}.Ad-Hoc|ARM.Build.0 = Release|Any CPU
		{A4FAB922-E647-4CE4-9E82-FEA6D6FBE367}.Ad-Hoc|iPhone.ActiveCfg = Release|Any CPU
		{A4FAB922-E647-4CE4-9E82-FEA6D6FBE367}.Ad-Hoc|iPhone.Build.0 = Release|Any CPU
		{A4FAB922-E647-4CE4-9E82-FEA6D6FBE367}.Ad-Hoc|iPhoneSimulator.ActiveCfg = Release|Any CPU
		{A4FAB922-E647-4CE4-9E82-FEA6D6FBE367}.Ad-Hoc|iPhoneSimulator.Build.0 = Release|Any CPU
		{A4FAB922-E647-4CE4-9E82-FEA6D6FBE367}.Ad-Hoc|x64.ActiveCfg = Release|Any CPU
		{A4FAB922-E647-4CE4-9E82-FEA6D6FBE367}.Ad-Hoc|x64.Build.0 = Release|Any CPU
		{A4FAB922-E647-4CE4-9E82-FEA6D6FBE367}.Ad-Hoc|x86.ActiveCfg = Release|Any CPU
		{A4FAB922-E647-4CE4-9E82-FEA6D6FBE367}.Ad-Hoc|x86.Build.0 = Release|Any CPU
		{A4FAB922-E647-4CE4-9E82-FEA6D6FBE367}.AppStore|Any CPU.ActiveCfg = Release|Any CPU
		{A4FAB922-E647-4CE4-9E82-FEA6D6FBE367}.AppStore|Any CPU.Build.0 = Release|Any CPU
		{A4FAB922-E647-4CE4-9E82-FEA6D6FBE367}.AppStore|ARM.ActiveCfg = Release|Any CPU
		{A4FAB922-E647-4CE4-9E82-FEA6D6FBE367}.AppStore|ARM.Build.0 = Release|Any CPU
		{A4FAB922-E647-4CE4-9E82-FEA6D6FBE367}.AppStore|iPhone.ActiveCfg = Release|Any CPU
		{A4FAB922-E647-4CE4-9E82-FEA6D6FBE367}.AppStore|iPhone.Build.0 = Release|Any CPU
		{A4FAB922-E647-4CE4-9E82-FEA6D6FBE367}.AppStore|iPhoneSimulator.ActiveCfg = Release|Any CPU
		{A4FAB922-E647-4CE4-9E82-FEA6D6FBE367}.AppStore|iPhoneSimulator.Build.0 = Release|Any CPU
		{A4FAB922-E647-4CE4-9E82-FEA6D6FBE367}.AppStore|x64.ActiveCfg = Release|Any CPU
		{A4FAB922-E647-4CE4-9E82-FEA6D6FBE367}.AppStore|x64.Build.0 = Release|Any CPU
		{A4FAB922-E647-4CE4-9E82-FEA6D6FBE367}.AppStore|x86.ActiveCfg = Release|Any CPU
		{A4FAB922-E647-4CE4-9E82-FEA6D6FBE367}.AppStore|x86.Build.0 = Release|Any CPU
		{A4FAB922-E647-4CE4-9E82-FEA6D6FBE367}.Debug|Any CPU.ActiveCfg = Debug|Any CPU
		{A4FAB922-E647-4CE4-9E82-FEA6D6FBE367}.Debug|Any CPU.Build.0 = Debug|Any CPU
		{A4FAB922-E647-4CE4-9E82-FEA6D6FBE367}.Debug|ARM.ActiveCfg = Debug|Any CPU
		{A4FAB922-E647-4CE4-9E82-FEA6D6FBE367}.Debug|ARM.Build.0 = Debug|Any CPU
		{A4FAB922-E647-4CE4-9E82-FEA6D6FBE367}.Debug|iPhone.ActiveCfg = Debug|Any CPU
		{A4FAB922-E647-4CE4-9E82-FEA6D6FBE367}.Debug|iPhone.Build.0 = Debug|Any CPU
		{A4FAB922-E647-4CE4-9E82-FEA6D6FBE367}.Debug|iPhoneSimulator.ActiveCfg = Debug|Any CPU
		{A4FAB922-E647-4CE4-9E82-FEA6D6FBE367}.Debug|iPhoneSimulator.Build.0 = Debug|Any CPU
		{A4FAB922-E647-4CE4-9E82-FEA6D6FBE367}.Debug|x64.ActiveCfg = Debug|Any CPU
		{A4FAB922-E647-4CE4-9E82-FEA6D6FBE367}.Debug|x64.Build.0 = Debug|Any CPU
		{A4FAB922-E647-4CE4-9E82-FEA6D6FBE367}.Debug|x86.ActiveCfg = Debug|Any CPU
		{A4FAB922-E647-4CE4-9E82-FEA6D6FBE367}.Debug|x86.Build.0 = Debug|Any CPU
		{A4FAB922-E647-4CE4-9E82-FEA6D6FBE367}.Release|Any CPU.ActiveCfg = Release|Any CPU
		{A4FAB922-E647-4CE4-9E82-FEA6D6FBE367}.Release|Any CPU.Build.0 = Release|Any CPU
		{A4FAB922-E647-4CE4-9E82-FEA6D6FBE367}.Release|ARM.ActiveCfg = Release|Any CPU
		{A4FAB922-E647-4CE4-9E82-FEA6D6FBE367}.Release|ARM.Build.0 = Release|Any CPU
		{A4FAB922-E647-4CE4-9E82-FEA6D6FBE367}.Release|iPhone.ActiveCfg = Release|Any CPU
		{A4FAB922-E647-4CE4-9E82-FEA6D6FBE367}.Release|iPhone.Build.0 = Release|Any CPU
		{A4FAB922-E647-4CE4-9E82-FEA6D6FBE367}.Release|iPhoneSimulator.ActiveCfg = Release|Any CPU
		{A4FAB922-E647-4CE4-9E82-FEA6D6FBE367}.Release|iPhoneSimulator.Build.0 = Release|Any CPU
		{A4FAB922-E647-4CE4-9E82-FEA6D6FBE367}.Release|x64.ActiveCfg = Release|Any CPU
		{A4FAB922-E647-4CE4-9E82-FEA6D6FBE367}.Release|x64.Build.0 = Release|Any CPU
		{A4FAB922-E647-4CE4-9E82-FEA6D6FBE367}.Release|x86.ActiveCfg = Release|Any CPU
		{A4FAB922-E647-4CE4-9E82-FEA6D6FBE367}.Release|x86.Build.0 = Release|Any CPU
		{D532A5F9-0A09-4A3D-9288-D93AE5533502}.Ad-Hoc|Any CPU.ActiveCfg = Release|Any CPU
		{D532A5F9-0A09-4A3D-9288-D93AE5533502}.Ad-Hoc|Any CPU.Build.0 = Release|Any CPU
		{D532A5F9-0A09-4A3D-9288-D93AE5533502}.Ad-Hoc|Any CPU.Deploy.0 = Release|Any CPU
		{D532A5F9-0A09-4A3D-9288-D93AE5533502}.Ad-Hoc|ARM.ActiveCfg = Release|Any CPU
		{D532A5F9-0A09-4A3D-9288-D93AE5533502}.Ad-Hoc|ARM.Build.0 = Release|Any CPU
		{D532A5F9-0A09-4A3D-9288-D93AE5533502}.Ad-Hoc|ARM.Deploy.0 = Release|Any CPU
		{D532A5F9-0A09-4A3D-9288-D93AE5533502}.Ad-Hoc|iPhone.ActiveCfg = Release|Any CPU
		{D532A5F9-0A09-4A3D-9288-D93AE5533502}.Ad-Hoc|iPhone.Build.0 = Release|Any CPU
		{D532A5F9-0A09-4A3D-9288-D93AE5533502}.Ad-Hoc|iPhone.Deploy.0 = Release|Any CPU
		{D532A5F9-0A09-4A3D-9288-D93AE5533502}.Ad-Hoc|iPhoneSimulator.ActiveCfg = Release|Any CPU
		{D532A5F9-0A09-4A3D-9288-D93AE5533502}.Ad-Hoc|iPhoneSimulator.Build.0 = Release|Any CPU
		{D532A5F9-0A09-4A3D-9288-D93AE5533502}.Ad-Hoc|iPhoneSimulator.Deploy.0 = Release|Any CPU
		{D532A5F9-0A09-4A3D-9288-D93AE5533502}.Ad-Hoc|x64.ActiveCfg = Release|Any CPU
		{D532A5F9-0A09-4A3D-9288-D93AE5533502}.Ad-Hoc|x64.Build.0 = Release|Any CPU
		{D532A5F9-0A09-4A3D-9288-D93AE5533502}.Ad-Hoc|x64.Deploy.0 = Release|Any CPU
		{D532A5F9-0A09-4A3D-9288-D93AE5533502}.Ad-Hoc|x86.ActiveCfg = Release|Any CPU
		{D532A5F9-0A09-4A3D-9288-D93AE5533502}.Ad-Hoc|x86.Build.0 = Release|Any CPU
		{D532A5F9-0A09-4A3D-9288-D93AE5533502}.Ad-Hoc|x86.Deploy.0 = Release|Any CPU
		{D532A5F9-0A09-4A3D-9288-D93AE5533502}.AppStore|Any CPU.ActiveCfg = Release|Any CPU
		{D532A5F9-0A09-4A3D-9288-D93AE5533502}.AppStore|Any CPU.Build.0 = Release|Any CPU
		{D532A5F9-0A09-4A3D-9288-D93AE5533502}.AppStore|Any CPU.Deploy.0 = Release|Any CPU
		{D532A5F9-0A09-4A3D-9288-D93AE5533502}.AppStore|ARM.ActiveCfg = Release|Any CPU
		{D532A5F9-0A09-4A3D-9288-D93AE5533502}.AppStore|ARM.Build.0 = Release|Any CPU
		{D532A5F9-0A09-4A3D-9288-D93AE5533502}.AppStore|ARM.Deploy.0 = Release|Any CPU
		{D532A5F9-0A09-4A3D-9288-D93AE5533502}.AppStore|iPhone.ActiveCfg = Release|Any CPU
		{D532A5F9-0A09-4A3D-9288-D93AE5533502}.AppStore|iPhone.Build.0 = Release|Any CPU
		{D532A5F9-0A09-4A3D-9288-D93AE5533502}.AppStore|iPhone.Deploy.0 = Release|Any CPU
		{D532A5F9-0A09-4A3D-9288-D93AE5533502}.AppStore|iPhoneSimulator.ActiveCfg = Release|Any CPU
		{D532A5F9-0A09-4A3D-9288-D93AE5533502}.AppStore|iPhoneSimulator.Build.0 = Release|Any CPU
		{D532A5F9-0A09-4A3D-9288-D93AE5533502}.AppStore|iPhoneSimulator.Deploy.0 = Release|Any CPU
		{D532A5F9-0A09-4A3D-9288-D93AE5533502}.AppStore|x64.ActiveCfg = Release|Any CPU
		{D532A5F9-0A09-4A3D-9288-D93AE5533502}.AppStore|x64.Build.0 = Release|Any CPU
		{D532A5F9-0A09-4A3D-9288-D93AE5533502}.AppStore|x64.Deploy.0 = Release|Any CPU
		{D532A5F9-0A09-4A3D-9288-D93AE5533502}.AppStore|x86.ActiveCfg = Release|Any CPU
		{D532A5F9-0A09-4A3D-9288-D93AE5533502}.AppStore|x86.Build.0 = Release|Any CPU
		{D532A5F9-0A09-4A3D-9288-D93AE5533502}.AppStore|x86.Deploy.0 = Release|Any CPU
		{D532A5F9-0A09-4A3D-9288-D93AE5533502}.Debug|Any CPU.ActiveCfg = Debug|Any CPU
		{D532A5F9-0A09-4A3D-9288-D93AE5533502}.Debug|Any CPU.Build.0 = Debug|Any CPU
		{D532A5F9-0A09-4A3D-9288-D93AE5533502}.Debug|Any CPU.Deploy.0 = Debug|Any CPU
		{D532A5F9-0A09-4A3D-9288-D93AE5533502}.Debug|ARM.ActiveCfg = Debug|Any CPU
		{D532A5F9-0A09-4A3D-9288-D93AE5533502}.Debug|ARM.Build.0 = Debug|Any CPU
		{D532A5F9-0A09-4A3D-9288-D93AE5533502}.Debug|ARM.Deploy.0 = Debug|Any CPU
		{D532A5F9-0A09-4A3D-9288-D93AE5533502}.Debug|iPhone.ActiveCfg = Debug|Any CPU
		{D532A5F9-0A09-4A3D-9288-D93AE5533502}.Debug|iPhone.Build.0 = Debug|Any CPU
		{D532A5F9-0A09-4A3D-9288-D93AE5533502}.Debug|iPhone.Deploy.0 = Debug|Any CPU
		{D532A5F9-0A09-4A3D-9288-D93AE5533502}.Debug|iPhoneSimulator.ActiveCfg = Debug|Any CPU
		{D532A5F9-0A09-4A3D-9288-D93AE5533502}.Debug|iPhoneSimulator.Build.0 = Debug|Any CPU
		{D532A5F9-0A09-4A3D-9288-D93AE5533502}.Debug|iPhoneSimulator.Deploy.0 = Debug|Any CPU
		{D532A5F9-0A09-4A3D-9288-D93AE5533502}.Debug|x64.ActiveCfg = Debug|Any CPU
		{D532A5F9-0A09-4A3D-9288-D93AE5533502}.Debug|x64.Build.0 = Debug|Any CPU
		{D532A5F9-0A09-4A3D-9288-D93AE5533502}.Debug|x64.Deploy.0 = Debug|Any CPU
		{D532A5F9-0A09-4A3D-9288-D93AE5533502}.Debug|x86.ActiveCfg = Debug|Any CPU
		{D532A5F9-0A09-4A3D-9288-D93AE5533502}.Debug|x86.Build.0 = Debug|Any CPU
		{D532A5F9-0A09-4A3D-9288-D93AE5533502}.Debug|x86.Deploy.0 = Debug|Any CPU
		{D532A5F9-0A09-4A3D-9288-D93AE5533502}.Release|Any CPU.ActiveCfg = Release|Any CPU
		{D532A5F9-0A09-4A3D-9288-D93AE5533502}.Release|Any CPU.Build.0 = Release|Any CPU
		{D532A5F9-0A09-4A3D-9288-D93AE5533502}.Release|Any CPU.Deploy.0 = Release|Any CPU
		{D532A5F9-0A09-4A3D-9288-D93AE5533502}.Release|ARM.ActiveCfg = Release|Any CPU
		{D532A5F9-0A09-4A3D-9288-D93AE5533502}.Release|ARM.Build.0 = Release|Any CPU
		{D532A5F9-0A09-4A3D-9288-D93AE5533502}.Release|ARM.Deploy.0 = Release|Any CPU
		{D532A5F9-0A09-4A3D-9288-D93AE5533502}.Release|iPhone.ActiveCfg = Release|Any CPU
		{D532A5F9-0A09-4A3D-9288-D93AE5533502}.Release|iPhone.Build.0 = Release|Any CPU
		{D532A5F9-0A09-4A3D-9288-D93AE5533502}.Release|iPhone.Deploy.0 = Release|Any CPU
		{D532A5F9-0A09-4A3D-9288-D93AE5533502}.Release|iPhoneSimulator.ActiveCfg = Release|Any CPU
		{D532A5F9-0A09-4A3D-9288-D93AE5533502}.Release|iPhoneSimulator.Build.0 = Release|Any CPU
		{D532A5F9-0A09-4A3D-9288-D93AE5533502}.Release|iPhoneSimulator.Deploy.0 = Release|Any CPU
		{D532A5F9-0A09-4A3D-9288-D93AE5533502}.Release|x64.ActiveCfg = Release|Any CPU
		{D532A5F9-0A09-4A3D-9288-D93AE5533502}.Release|x64.Build.0 = Release|Any CPU
		{D532A5F9-0A09-4A3D-9288-D93AE5533502}.Release|x64.Deploy.0 = Release|Any CPU
		{D532A5F9-0A09-4A3D-9288-D93AE5533502}.Release|x86.ActiveCfg = Release|Any CPU
		{D532A5F9-0A09-4A3D-9288-D93AE5533502}.Release|x86.Build.0 = Release|Any CPU
		{D532A5F9-0A09-4A3D-9288-D93AE5533502}.Release|x86.Deploy.0 = Release|Any CPU
		{0B8344E1-2AED-4900-8232-720267FD6A6B}.Ad-Hoc|Any CPU.ActiveCfg = Ad-Hoc|iPhone
		{0B8344E1-2AED-4900-8232-720267FD6A6B}.Ad-Hoc|ARM.ActiveCfg = Ad-Hoc|iPhone
		{0B8344E1-2AED-4900-8232-720267FD6A6B}.Ad-Hoc|iPhone.ActiveCfg = Ad-Hoc|iPhone
		{0B8344E1-2AED-4900-8232-720267FD6A6B}.Ad-Hoc|iPhone.Build.0 = Ad-Hoc|iPhone
		{0B8344E1-2AED-4900-8232-720267FD6A6B}.Ad-Hoc|iPhoneSimulator.ActiveCfg = Ad-Hoc|iPhoneSimulator
		{0B8344E1-2AED-4900-8232-720267FD6A6B}.Ad-Hoc|iPhoneSimulator.Build.0 = Ad-Hoc|iPhoneSimulator
		{0B8344E1-2AED-4900-8232-720267FD6A6B}.Ad-Hoc|x64.ActiveCfg = Ad-Hoc|iPhone
		{0B8344E1-2AED-4900-8232-720267FD6A6B}.Ad-Hoc|x86.ActiveCfg = Ad-Hoc|iPhone
		{0B8344E1-2AED-4900-8232-720267FD6A6B}.AppStore|Any CPU.ActiveCfg = AppStore|iPhone
		{0B8344E1-2AED-4900-8232-720267FD6A6B}.AppStore|ARM.ActiveCfg = AppStore|iPhone
		{0B8344E1-2AED-4900-8232-720267FD6A6B}.AppStore|iPhone.ActiveCfg = AppStore|iPhone
		{0B8344E1-2AED-4900-8232-720267FD6A6B}.AppStore|iPhone.Build.0 = AppStore|iPhone
		{0B8344E1-2AED-4900-8232-720267FD6A6B}.AppStore|iPhoneSimulator.ActiveCfg = AppStore|iPhoneSimulator
		{0B8344E1-2AED-4900-8232-720267FD6A6B}.AppStore|iPhoneSimulator.Build.0 = AppStore|iPhoneSimulator
		{0B8344E1-2AED-4900-8232-720267FD6A6B}.AppStore|x64.ActiveCfg = AppStore|iPhone
		{0B8344E1-2AED-4900-8232-720267FD6A6B}.AppStore|x86.ActiveCfg = AppStore|iPhone
		{0B8344E1-2AED-4900-8232-720267FD6A6B}.Debug|Any CPU.ActiveCfg = Debug|iPhone
		{0B8344E1-2AED-4900-8232-720267FD6A6B}.Debug|ARM.ActiveCfg = Debug|iPhone
		{0B8344E1-2AED-4900-8232-720267FD6A6B}.Debug|iPhone.ActiveCfg = Debug|iPhone
		{0B8344E1-2AED-4900-8232-720267FD6A6B}.Debug|iPhone.Build.0 = Debug|iPhone
		{0B8344E1-2AED-4900-8232-720267FD6A6B}.Debug|iPhoneSimulator.ActiveCfg = Debug|iPhoneSimulator
		{0B8344E1-2AED-4900-8232-720267FD6A6B}.Debug|iPhoneSimulator.Build.0 = Debug|iPhoneSimulator
		{0B8344E1-2AED-4900-8232-720267FD6A6B}.Debug|x64.ActiveCfg = Debug|iPhone
		{0B8344E1-2AED-4900-8232-720267FD6A6B}.Debug|x86.ActiveCfg = Debug|iPhone
		{0B8344E1-2AED-4900-8232-720267FD6A6B}.Release|Any CPU.ActiveCfg = Release|iPhone
		{0B8344E1-2AED-4900-8232-720267FD6A6B}.Release|ARM.ActiveCfg = Release|iPhone
		{0B8344E1-2AED-4900-8232-720267FD6A6B}.Release|iPhone.ActiveCfg = Release|iPhone
		{0B8344E1-2AED-4900-8232-720267FD6A6B}.Release|iPhone.Build.0 = Release|iPhone
		{0B8344E1-2AED-4900-8232-720267FD6A6B}.Release|iPhoneSimulator.ActiveCfg = Release|iPhoneSimulator
		{0B8344E1-2AED-4900-8232-720267FD6A6B}.Release|iPhoneSimulator.Build.0 = Release|iPhoneSimulator
		{0B8344E1-2AED-4900-8232-720267FD6A6B}.Release|x64.ActiveCfg = Release|iPhone
		{0B8344E1-2AED-4900-8232-720267FD6A6B}.Release|x86.ActiveCfg = Release|iPhone
		{B77648FA-6E19-4829-8F64-97204118706A}.Ad-Hoc|Any CPU.ActiveCfg = Release|Any CPU
		{B77648FA-6E19-4829-8F64-97204118706A}.Ad-Hoc|Any CPU.Build.0 = Release|Any CPU
		{B77648FA-6E19-4829-8F64-97204118706A}.Ad-Hoc|Any CPU.Deploy.0 = Release|Any CPU
		{B77648FA-6E19-4829-8F64-97204118706A}.Ad-Hoc|ARM.ActiveCfg = Release|ARM
		{B77648FA-6E19-4829-8F64-97204118706A}.Ad-Hoc|ARM.Build.0 = Release|ARM
		{B77648FA-6E19-4829-8F64-97204118706A}.Ad-Hoc|ARM.Deploy.0 = Release|ARM
		{B77648FA-6E19-4829-8F64-97204118706A}.Ad-Hoc|iPhone.ActiveCfg = Release|Any CPU
		{B77648FA-6E19-4829-8F64-97204118706A}.Ad-Hoc|iPhone.Build.0 = Release|Any CPU
		{B77648FA-6E19-4829-8F64-97204118706A}.Ad-Hoc|iPhone.Deploy.0 = Release|Any CPU
		{B77648FA-6E19-4829-8F64-97204118706A}.Ad-Hoc|iPhoneSimulator.ActiveCfg = Release|Any CPU
		{B77648FA-6E19-4829-8F64-97204118706A}.Ad-Hoc|iPhoneSimulator.Build.0 = Release|Any CPU
		{B77648FA-6E19-4829-8F64-97204118706A}.Ad-Hoc|iPhoneSimulator.Deploy.0 = Release|Any CPU
		{B77648FA-6E19-4829-8F64-97204118706A}.Ad-Hoc|x64.ActiveCfg = Release|Any CPU
		{B77648FA-6E19-4829-8F64-97204118706A}.Ad-Hoc|x64.Build.0 = Release|Any CPU
		{B77648FA-6E19-4829-8F64-97204118706A}.Ad-Hoc|x64.Deploy.0 = Release|Any CPU
		{B77648FA-6E19-4829-8F64-97204118706A}.Ad-Hoc|x86.ActiveCfg = Release|x86
		{B77648FA-6E19-4829-8F64-97204118706A}.Ad-Hoc|x86.Build.0 = Release|x86
		{B77648FA-6E19-4829-8F64-97204118706A}.Ad-Hoc|x86.Deploy.0 = Release|x86
		{B77648FA-6E19-4829-8F64-97204118706A}.AppStore|Any CPU.ActiveCfg = Release|Any CPU
		{B77648FA-6E19-4829-8F64-97204118706A}.AppStore|Any CPU.Build.0 = Release|Any CPU
		{B77648FA-6E19-4829-8F64-97204118706A}.AppStore|Any CPU.Deploy.0 = Release|Any CPU
		{B77648FA-6E19-4829-8F64-97204118706A}.AppStore|ARM.ActiveCfg = Release|ARM
		{B77648FA-6E19-4829-8F64-97204118706A}.AppStore|ARM.Build.0 = Release|ARM
		{B77648FA-6E19-4829-8F64-97204118706A}.AppStore|ARM.Deploy.0 = Release|ARM
		{B77648FA-6E19-4829-8F64-97204118706A}.AppStore|iPhone.ActiveCfg = Release|Any CPU
		{B77648FA-6E19-4829-8F64-97204118706A}.AppStore|iPhone.Build.0 = Release|Any CPU
		{B77648FA-6E19-4829-8F64-97204118706A}.AppStore|iPhone.Deploy.0 = Release|Any CPU
		{B77648FA-6E19-4829-8F64-97204118706A}.AppStore|iPhoneSimulator.ActiveCfg = Release|Any CPU
		{B77648FA-6E19-4829-8F64-97204118706A}.AppStore|iPhoneSimulator.Build.0 = Release|Any CPU
		{B77648FA-6E19-4829-8F64-97204118706A}.AppStore|iPhoneSimulator.Deploy.0 = Release|Any CPU
		{B77648FA-6E19-4829-8F64-97204118706A}.AppStore|x64.ActiveCfg = Release|Any CPU
		{B77648FA-6E19-4829-8F64-97204118706A}.AppStore|x64.Build.0 = Release|Any CPU
		{B77648FA-6E19-4829-8F64-97204118706A}.AppStore|x64.Deploy.0 = Release|Any CPU
		{B77648FA-6E19-4829-8F64-97204118706A}.AppStore|x86.ActiveCfg = Release|x86
		{B77648FA-6E19-4829-8F64-97204118706A}.AppStore|x86.Build.0 = Release|x86
		{B77648FA-6E19-4829-8F64-97204118706A}.AppStore|x86.Deploy.0 = Release|x86
		{B77648FA-6E19-4829-8F64-97204118706A}.Debug|Any CPU.ActiveCfg = Debug|Any CPU
		{B77648FA-6E19-4829-8F64-97204118706A}.Debug|Any CPU.Build.0 = Debug|Any CPU
		{B77648FA-6E19-4829-8F64-97204118706A}.Debug|Any CPU.Deploy.0 = Debug|Any CPU
		{B77648FA-6E19-4829-8F64-97204118706A}.Debug|ARM.ActiveCfg = Debug|ARM
		{B77648FA-6E19-4829-8F64-97204118706A}.Debug|ARM.Build.0 = Debug|ARM
		{B77648FA-6E19-4829-8F64-97204118706A}.Debug|ARM.Deploy.0 = Debug|ARM
		{B77648FA-6E19-4829-8F64-97204118706A}.Debug|iPhone.ActiveCfg = Debug|Any CPU
		{B77648FA-6E19-4829-8F64-97204118706A}.Debug|iPhone.Build.0 = Debug|Any CPU
		{B77648FA-6E19-4829-8F64-97204118706A}.Debug|iPhone.Deploy.0 = Debug|Any CPU
		{B77648FA-6E19-4829-8F64-97204118706A}.Debug|iPhoneSimulator.ActiveCfg = Debug|Any CPU
		{B77648FA-6E19-4829-8F64-97204118706A}.Debug|iPhoneSimulator.Build.0 = Debug|Any CPU
		{B77648FA-6E19-4829-8F64-97204118706A}.Debug|iPhoneSimulator.Deploy.0 = Debug|Any CPU
		{B77648FA-6E19-4829-8F64-97204118706A}.Debug|x64.ActiveCfg = Debug|Any CPU
		{B77648FA-6E19-4829-8F64-97204118706A}.Debug|x64.Build.0 = Debug|Any CPU
		{B77648FA-6E19-4829-8F64-97204118706A}.Debug|x64.Deploy.0 = Debug|Any CPU
		{B77648FA-6E19-4829-8F64-97204118706A}.Debug|x86.ActiveCfg = Debug|x86
		{B77648FA-6E19-4829-8F64-97204118706A}.Debug|x86.Build.0 = Debug|x86
		{B77648FA-6E19-4829-8F64-97204118706A}.Debug|x86.Deploy.0 = Debug|x86
		{B77648FA-6E19-4829-8F64-97204118706A}.Release|Any CPU.ActiveCfg = Release|Any CPU
		{B77648FA-6E19-4829-8F64-97204118706A}.Release|Any CPU.Build.0 = Release|Any CPU
		{B77648FA-6E19-4829-8F64-97204118706A}.Release|Any CPU.Deploy.0 = Release|Any CPU
		{B77648FA-6E19-4829-8F64-97204118706A}.Release|ARM.ActiveCfg = Release|ARM
		{B77648FA-6E19-4829-8F64-97204118706A}.Release|ARM.Build.0 = Release|ARM
		{B77648FA-6E19-4829-8F64-97204118706A}.Release|ARM.Deploy.0 = Release|ARM
		{B77648FA-6E19-4829-8F64-97204118706A}.Release|iPhone.ActiveCfg = Release|Any CPU
		{B77648FA-6E19-4829-8F64-97204118706A}.Release|iPhone.Build.0 = Release|Any CPU
		{B77648FA-6E19-4829-8F64-97204118706A}.Release|iPhone.Deploy.0 = Release|Any CPU
		{B77648FA-6E19-4829-8F64-97204118706A}.Release|iPhoneSimulator.ActiveCfg = Release|Any CPU
		{B77648FA-6E19-4829-8F64-97204118706A}.Release|iPhoneSimulator.Build.0 = Release|Any CPU
		{B77648FA-6E19-4829-8F64-97204118706A}.Release|iPhoneSimulator.Deploy.0 = Release|Any CPU
		{B77648FA-6E19-4829-8F64-97204118706A}.Release|x64.ActiveCfg = Release|Any CPU
		{B77648FA-6E19-4829-8F64-97204118706A}.Release|x64.Build.0 = Release|Any CPU
		{B77648FA-6E19-4829-8F64-97204118706A}.Release|x64.Deploy.0 = Release|Any CPU
		{B77648FA-6E19-4829-8F64-97204118706A}.Release|x86.ActiveCfg = Release|x86
		{B77648FA-6E19-4829-8F64-97204118706A}.Release|x86.Build.0 = Release|x86
		{B77648FA-6E19-4829-8F64-97204118706A}.Release|x86.Deploy.0 = Release|x86
		{3C2A9C41-86D8-48A9-9FBE-F90920593ED4}.Ad-Hoc|Any CPU.ActiveCfg = Release|x86
		{3C2A9C41-86D8-48A9-9FBE-F90920593ED4}.Ad-Hoc|Any CPU.Build.0 = Release|x86
		{3C2A9C41-86D8-48A9-9FBE-F90920593ED4}.Ad-Hoc|Any CPU.Deploy.0 = Release|x86
		{3C2A9C41-86D8-48A9-9FBE-F90920593ED4}.Ad-Hoc|ARM.ActiveCfg = Release|ARM
		{3C2A9C41-86D8-48A9-9FBE-F90920593ED4}.Ad-Hoc|ARM.Build.0 = Release|ARM
		{3C2A9C41-86D8-48A9-9FBE-F90920593ED4}.Ad-Hoc|ARM.Deploy.0 = Release|ARM
		{3C2A9C41-86D8-48A9-9FBE-F90920593ED4}.Ad-Hoc|iPhone.ActiveCfg = Release|x86
		{3C2A9C41-86D8-48A9-9FBE-F90920593ED4}.Ad-Hoc|iPhone.Build.0 = Release|x86
		{3C2A9C41-86D8-48A9-9FBE-F90920593ED4}.Ad-Hoc|iPhone.Deploy.0 = Release|x86
		{3C2A9C41-86D8-48A9-9FBE-F90920593ED4}.Ad-Hoc|iPhoneSimulator.ActiveCfg = Release|x86
		{3C2A9C41-86D8-48A9-9FBE-F90920593ED4}.Ad-Hoc|iPhoneSimulator.Build.0 = Release|x86
		{3C2A9C41-86D8-48A9-9FBE-F90920593ED4}.Ad-Hoc|iPhoneSimulator.Deploy.0 = Release|x86
		{3C2A9C41-86D8-48A9-9FBE-F90920593ED4}.Ad-Hoc|x64.ActiveCfg = Release|x64
		{3C2A9C41-86D8-48A9-9FBE-F90920593ED4}.Ad-Hoc|x64.Build.0 = Release|x64
		{3C2A9C41-86D8-48A9-9FBE-F90920593ED4}.Ad-Hoc|x64.Deploy.0 = Release|x64
		{3C2A9C41-86D8-48A9-9FBE-F90920593ED4}.Ad-Hoc|x86.ActiveCfg = Release|x86
		{3C2A9C41-86D8-48A9-9FBE-F90920593ED4}.Ad-Hoc|x86.Build.0 = Release|x86
		{3C2A9C41-86D8-48A9-9FBE-F90920593ED4}.Ad-Hoc|x86.Deploy.0 = Release|x86
		{3C2A9C41-86D8-48A9-9FBE-F90920593ED4}.AppStore|Any CPU.ActiveCfg = Release|x86
		{3C2A9C41-86D8-48A9-9FBE-F90920593ED4}.AppStore|Any CPU.Build.0 = Release|x86
		{3C2A9C41-86D8-48A9-9FBE-F90920593ED4}.AppStore|Any CPU.Deploy.0 = Release|x86
		{3C2A9C41-86D8-48A9-9FBE-F90920593ED4}.AppStore|ARM.ActiveCfg = Release|ARM
		{3C2A9C41-86D8-48A9-9FBE-F90920593ED4}.AppStore|ARM.Build.0 = Release|ARM
		{3C2A9C41-86D8-48A9-9FBE-F90920593ED4}.AppStore|ARM.Deploy.0 = Release|ARM
		{3C2A9C41-86D8-48A9-9FBE-F90920593ED4}.AppStore|iPhone.ActiveCfg = Release|x86
		{3C2A9C41-86D8-48A9-9FBE-F90920593ED4}.AppStore|iPhone.Build.0 = Release|x86
		{3C2A9C41-86D8-48A9-9FBE-F90920593ED4}.AppStore|iPhone.Deploy.0 = Release|x86
		{3C2A9C41-86D8-48A9-9FBE-F90920593ED4}.AppStore|iPhoneSimulator.ActiveCfg = Release|x86
		{3C2A9C41-86D8-48A9-9FBE-F90920593ED4}.AppStore|iPhoneSimulator.Build.0 = Release|x86
		{3C2A9C41-86D8-48A9-9FBE-F90920593ED4}.AppStore|iPhoneSimulator.Deploy.0 = Release|x86
		{3C2A9C41-86D8-48A9-9FBE-F90920593ED4}.AppStore|x64.ActiveCfg = Release|x64
		{3C2A9C41-86D8-48A9-9FBE-F90920593ED4}.AppStore|x64.Build.0 = Release|x64
		{3C2A9C41-86D8-48A9-9FBE-F90920593ED4}.AppStore|x64.Deploy.0 = Release|x64
		{3C2A9C41-86D8-48A9-9FBE-F90920593ED4}.AppStore|x86.ActiveCfg = Release|x86
		{3C2A9C41-86D8-48A9-9FBE-F90920593ED4}.AppStore|x86.Build.0 = Release|x86
		{3C2A9C41-86D8-48A9-9FBE-F90920593ED4}.AppStore|x86.Deploy.0 = Release|x86
		{3C2A9C41-86D8-48A9-9FBE-F90920593ED4}.Debug|Any CPU.ActiveCfg = Debug|x86
		{3C2A9C41-86D8-48A9-9FBE-F90920593ED4}.Debug|ARM.ActiveCfg = Debug|ARM
		{3C2A9C41-86D8-48A9-9FBE-F90920593ED4}.Debug|ARM.Build.0 = Debug|ARM
		{3C2A9C41-86D8-48A9-9FBE-F90920593ED4}.Debug|ARM.Deploy.0 = Debug|ARM
		{3C2A9C41-86D8-48A9-9FBE-F90920593ED4}.Debug|iPhone.ActiveCfg = Debug|x86
		{3C2A9C41-86D8-48A9-9FBE-F90920593ED4}.Debug|iPhoneSimulator.ActiveCfg = Debug|x86
		{3C2A9C41-86D8-48A9-9FBE-F90920593ED4}.Debug|x64.ActiveCfg = Debug|x64
		{3C2A9C41-86D8-48A9-9FBE-F90920593ED4}.Debug|x64.Build.0 = Debug|x64
		{3C2A9C41-86D8-48A9-9FBE-F90920593ED4}.Debug|x64.Deploy.0 = Debug|x64
		{3C2A9C41-86D8-48A9-9FBE-F90920593ED4}.Debug|x86.ActiveCfg = Debug|x86
		{3C2A9C41-86D8-48A9-9FBE-F90920593ED4}.Debug|x86.Build.0 = Debug|x86
		{3C2A9C41-86D8-48A9-9FBE-F90920593ED4}.Debug|x86.Deploy.0 = Debug|x86
		{3C2A9C41-86D8-48A9-9FBE-F90920593ED4}.Release|Any CPU.ActiveCfg = Release|x86
		{3C2A9C41-86D8-48A9-9FBE-F90920593ED4}.Release|ARM.ActiveCfg = Release|ARM
		{3C2A9C41-86D8-48A9-9FBE-F90920593ED4}.Release|ARM.Build.0 = Release|ARM
		{3C2A9C41-86D8-48A9-9FBE-F90920593ED4}.Release|ARM.Deploy.0 = Release|ARM
		{3C2A9C41-86D8-48A9-9FBE-F90920593ED4}.Release|iPhone.ActiveCfg = Release|x86
		{3C2A9C41-86D8-48A9-9FBE-F90920593ED4}.Release|iPhoneSimulator.ActiveCfg = Release|x86
		{3C2A9C41-86D8-48A9-9FBE-F90920593ED4}.Release|x64.ActiveCfg = Release|x64
		{3C2A9C41-86D8-48A9-9FBE-F90920593ED4}.Release|x64.Build.0 = Release|x64
		{3C2A9C41-86D8-48A9-9FBE-F90920593ED4}.Release|x64.Deploy.0 = Release|x64
		{3C2A9C41-86D8-48A9-9FBE-F90920593ED4}.Release|x86.ActiveCfg = Release|x86
		{3C2A9C41-86D8-48A9-9FBE-F90920593ED4}.Release|x86.Build.0 = Release|x86
		{3C2A9C41-86D8-48A9-9FBE-F90920593ED4}.Release|x86.Deploy.0 = Release|x86
		{4364849E-D902-4211-B3EF-2D33BB8ED234}.Ad-Hoc|Any CPU.ActiveCfg = Release|Any CPU
		{4364849E-D902-4211-B3EF-2D33BB8ED234}.Ad-Hoc|Any CPU.Build.0 = Release|Any CPU
		{4364849E-D902-4211-B3EF-2D33BB8ED234}.Ad-Hoc|Any CPU.Deploy.0 = Release|Any CPU
		{4364849E-D902-4211-B3EF-2D33BB8ED234}.Ad-Hoc|ARM.ActiveCfg = Release|ARM
		{4364849E-D902-4211-B3EF-2D33BB8ED234}.Ad-Hoc|ARM.Build.0 = Release|ARM
		{4364849E-D902-4211-B3EF-2D33BB8ED234}.Ad-Hoc|ARM.Deploy.0 = Release|ARM
		{4364849E-D902-4211-B3EF-2D33BB8ED234}.Ad-Hoc|iPhone.ActiveCfg = Release|Any CPU
		{4364849E-D902-4211-B3EF-2D33BB8ED234}.Ad-Hoc|iPhone.Build.0 = Release|Any CPU
		{4364849E-D902-4211-B3EF-2D33BB8ED234}.Ad-Hoc|iPhone.Deploy.0 = Release|Any CPU
		{4364849E-D902-4211-B3EF-2D33BB8ED234}.Ad-Hoc|iPhoneSimulator.ActiveCfg = Release|Any CPU
		{4364849E-D902-4211-B3EF-2D33BB8ED234}.Ad-Hoc|iPhoneSimulator.Build.0 = Release|Any CPU
		{4364849E-D902-4211-B3EF-2D33BB8ED234}.Ad-Hoc|iPhoneSimulator.Deploy.0 = Release|Any CPU
		{4364849E-D902-4211-B3EF-2D33BB8ED234}.Ad-Hoc|x64.ActiveCfg = Release|x64
		{4364849E-D902-4211-B3EF-2D33BB8ED234}.Ad-Hoc|x64.Build.0 = Release|x64
		{4364849E-D902-4211-B3EF-2D33BB8ED234}.Ad-Hoc|x64.Deploy.0 = Release|x64
		{4364849E-D902-4211-B3EF-2D33BB8ED234}.Ad-Hoc|x86.ActiveCfg = Release|x86
		{4364849E-D902-4211-B3EF-2D33BB8ED234}.Ad-Hoc|x86.Build.0 = Release|x86
		{4364849E-D902-4211-B3EF-2D33BB8ED234}.Ad-Hoc|x86.Deploy.0 = Release|x86
		{4364849E-D902-4211-B3EF-2D33BB8ED234}.AppStore|Any CPU.ActiveCfg = Release|Any CPU
		{4364849E-D902-4211-B3EF-2D33BB8ED234}.AppStore|Any CPU.Build.0 = Release|Any CPU
		{4364849E-D902-4211-B3EF-2D33BB8ED234}.AppStore|Any CPU.Deploy.0 = Release|Any CPU
		{4364849E-D902-4211-B3EF-2D33BB8ED234}.AppStore|ARM.ActiveCfg = Release|ARM
		{4364849E-D902-4211-B3EF-2D33BB8ED234}.AppStore|ARM.Build.0 = Release|ARM
		{4364849E-D902-4211-B3EF-2D33BB8ED234}.AppStore|ARM.Deploy.0 = Release|ARM
		{4364849E-D902-4211-B3EF-2D33BB8ED234}.AppStore|iPhone.ActiveCfg = Release|Any CPU
		{4364849E-D902-4211-B3EF-2D33BB8ED234}.AppStore|iPhone.Build.0 = Release|Any CPU
		{4364849E-D902-4211-B3EF-2D33BB8ED234}.AppStore|iPhone.Deploy.0 = Release|Any CPU
		{4364849E-D902-4211-B3EF-2D33BB8ED234}.AppStore|iPhoneSimulator.ActiveCfg = Release|Any CPU
		{4364849E-D902-4211-B3EF-2D33BB8ED234}.AppStore|iPhoneSimulator.Build.0 = Release|Any CPU
		{4364849E-D902-4211-B3EF-2D33BB8ED234}.AppStore|iPhoneSimulator.Deploy.0 = Release|Any CPU
		{4364849E-D902-4211-B3EF-2D33BB8ED234}.AppStore|x64.ActiveCfg = Release|x64
		{4364849E-D902-4211-B3EF-2D33BB8ED234}.AppStore|x64.Build.0 = Release|x64
		{4364849E-D902-4211-B3EF-2D33BB8ED234}.AppStore|x64.Deploy.0 = Release|x64
		{4364849E-D902-4211-B3EF-2D33BB8ED234}.AppStore|x86.ActiveCfg = Release|x86
		{4364849E-D902-4211-B3EF-2D33BB8ED234}.AppStore|x86.Build.0 = Release|x86
		{4364849E-D902-4211-B3EF-2D33BB8ED234}.AppStore|x86.Deploy.0 = Release|x86
		{4364849E-D902-4211-B3EF-2D33BB8ED234}.Debug|Any CPU.ActiveCfg = Debug|Any CPU
		{4364849E-D902-4211-B3EF-2D33BB8ED234}.Debug|Any CPU.Build.0 = Debug|Any CPU
		{4364849E-D902-4211-B3EF-2D33BB8ED234}.Debug|Any CPU.Deploy.0 = Debug|Any CPU
		{4364849E-D902-4211-B3EF-2D33BB8ED234}.Debug|ARM.ActiveCfg = Debug|ARM
		{4364849E-D902-4211-B3EF-2D33BB8ED234}.Debug|ARM.Build.0 = Debug|ARM
		{4364849E-D902-4211-B3EF-2D33BB8ED234}.Debug|ARM.Deploy.0 = Debug|ARM
		{4364849E-D902-4211-B3EF-2D33BB8ED234}.Debug|iPhone.ActiveCfg = Debug|Any CPU
		{4364849E-D902-4211-B3EF-2D33BB8ED234}.Debug|iPhone.Build.0 = Debug|Any CPU
		{4364849E-D902-4211-B3EF-2D33BB8ED234}.Debug|iPhone.Deploy.0 = Debug|Any CPU
		{4364849E-D902-4211-B3EF-2D33BB8ED234}.Debug|iPhoneSimulator.ActiveCfg = Debug|Any CPU
		{4364849E-D902-4211-B3EF-2D33BB8ED234}.Debug|iPhoneSimulator.Build.0 = Debug|Any CPU
		{4364849E-D902-4211-B3EF-2D33BB8ED234}.Debug|iPhoneSimulator.Deploy.0 = Debug|Any CPU
		{4364849E-D902-4211-B3EF-2D33BB8ED234}.Debug|x64.ActiveCfg = Debug|x64
		{4364849E-D902-4211-B3EF-2D33BB8ED234}.Debug|x64.Build.0 = Debug|x64
		{4364849E-D902-4211-B3EF-2D33BB8ED234}.Debug|x64.Deploy.0 = Debug|x64
		{4364849E-D902-4211-B3EF-2D33BB8ED234}.Debug|x86.ActiveCfg = Debug|x86
		{4364849E-D902-4211-B3EF-2D33BB8ED234}.Debug|x86.Build.0 = Debug|x86
		{4364849E-D902-4211-B3EF-2D33BB8ED234}.Debug|x86.Deploy.0 = Debug|x86
		{4364849E-D902-4211-B3EF-2D33BB8ED234}.Release|Any CPU.ActiveCfg = Release|Any CPU
		{4364849E-D902-4211-B3EF-2D33BB8ED234}.Release|Any CPU.Build.0 = Release|Any CPU
		{4364849E-D902-4211-B3EF-2D33BB8ED234}.Release|Any CPU.Deploy.0 = Release|Any CPU
		{4364849E-D902-4211-B3EF-2D33BB8ED234}.Release|ARM.ActiveCfg = Release|ARM
		{4364849E-D902-4211-B3EF-2D33BB8ED234}.Release|ARM.Build.0 = Release|ARM
		{4364849E-D902-4211-B3EF-2D33BB8ED234}.Release|ARM.Deploy.0 = Release|ARM
		{4364849E-D902-4211-B3EF-2D33BB8ED234}.Release|iPhone.ActiveCfg = Release|Any CPU
		{4364849E-D902-4211-B3EF-2D33BB8ED234}.Release|iPhone.Build.0 = Release|Any CPU
		{4364849E-D902-4211-B3EF-2D33BB8ED234}.Release|iPhone.Deploy.0 = Release|Any CPU
		{4364849E-D902-4211-B3EF-2D33BB8ED234}.Release|iPhoneSimulator.ActiveCfg = Release|Any CPU
		{4364849E-D902-4211-B3EF-2D33BB8ED234}.Release|iPhoneSimulator.Build.0 = Release|Any CPU
		{4364849E-D902-4211-B3EF-2D33BB8ED234}.Release|iPhoneSimulator.Deploy.0 = Release|Any CPU
		{4364849E-D902-4211-B3EF-2D33BB8ED234}.Release|x64.ActiveCfg = Release|x64
		{4364849E-D902-4211-B3EF-2D33BB8ED234}.Release|x64.Build.0 = Release|x64
		{4364849E-D902-4211-B3EF-2D33BB8ED234}.Release|x64.Deploy.0 = Release|x64
		{4364849E-D902-4211-B3EF-2D33BB8ED234}.Release|x86.ActiveCfg = Release|x86
		{4364849E-D902-4211-B3EF-2D33BB8ED234}.Release|x86.Build.0 = Release|x86
		{4364849E-D902-4211-B3EF-2D33BB8ED234}.Release|x86.Deploy.0 = Release|x86
	EndGlobalSection
	GlobalSection(SolutionProperties) = preSolution
		HideSolutionNode = FALSE
	EndGlobalSection
EndGlobal
